version = 1
requires-python = ">=3.12"

[[package]]
name = "assaia-tech-assignment"
version = "0.1.0"
source = { virtual = "." }
dependencies = [
    { name = "click" },
    { name = "numpy" },
]

[package.dev-dependencies]
dev = [
    { name = "pyright" },
    { name = "ruff" },
]

[package.metadata]
requires-dist = [
    { name = "click", specifier = ">=8.1.7" },
    { name = "numpy", specifier = ">=2.1.2" },
]

[package.metadata.requires-dev]
dev = [
    { name = "pyright", specifier = ">=1.1.384" },
    { name = "ruff", specifier = ">=0.6.9" },
]

[[package]]
name = "click"
version = "8.1.7"
source = { registry = "https://pypi.org/simple" }
dependencies = [
    { name = "colorama", marker = "platform_system == 'Windows'" },
]
sdist = { url = "https://files.pythonhosted.org/packages/96/d3/f04c7bfcf5c1862a2a5b845c6b2b360488cf47af55dfa79c98f6a6bf98b5/click-8.1.7.tar.gz", hash = "sha256:ca9853ad459e787e2192211578cc907e7594e294c7ccc834310722b41b9ca6de", size = 336121 }
wheels = [
    { url = "https://files.pythonhosted.org/packages/00/2e/d53fa4befbf2cfa713304affc7ca780ce4fc1fd8710527771b58311a3229/click-8.1.7-py3-none-any.whl", hash = "sha256:ae74fb96c20a0277a1d615f1e4d73c8414f5a98db8b799a7931d1582f3390c28", size = 97941 },
]

[[package]]
name = "colorama"
version = "0.4.6"
source = { registry = "https://pypi.org/simple" }
sdist = { url = "https://files.pythonhosted.org/packages/d8/53/6f443c9a4a8358a93a6792e2acffb9d9d5cb0a5cfd8802644b7b1c9a02e4/colorama-0.4.6.tar.gz", hash = "sha256:08695f5cb7ed6e0531a20572697297273c47b8cae5a63ffc6d6ed5c201be6e44", size = 27697 }
wheels = [
    { url = "https://files.pythonhosted.org/packages/d1/d6/3965ed04c63042e047cb6a3e6ed1a63a35087b6a609aa3a15ed8ac56c221/colorama-0.4.6-py2.py3-none-any.whl", hash = "sha256:4f1d9991f5acc0ca119f9d443620b77f9d6b33703e51011c16baf57afb285fc6", size = 25335 },
]

[[package]]
name = "nodeenv"
version = "1.9.1"
source = { registry = "https://pypi.org/simple" }
sdist = { url = "https://files.pythonhosted.org/packages/43/16/fc88b08840de0e0a72a2f9d8c6bae36be573e475a6326ae854bcc549fc45/nodeenv-1.9.1.tar.gz", hash = "sha256:6ec12890a2dab7946721edbfbcd91f3319c6ccc9aec47be7c7e6b7011ee6645f", size = 47437 }
wheels = [
    { url = "https://files.pythonhosted.org/packages/d2/1d/1b658dbd2b9fa9c4c9f32accbfc0205d532c8c6194dc0f2a4c0428e7128a/nodeenv-1.9.1-py2.py3-none-any.whl", hash = "sha256:ba11c9782d29c27c70ffbdda2d7415098754709be8a7056d79a737cd901155c9", size = 22314 },
]

[[package]]
name = "numpy"
version = "2.1.2"
source = { registry = "https://pypi.org/simple" }
sdist = { url = "https://files.pythonhosted.org/packages/4b/d1/8a730ea07f4a37d94f9172f4ce1d81064b7a64766b460378be278952de75/numpy-2.1.2.tar.gz", hash = "sha256:13532a088217fa624c99b843eeb54640de23b3414b14aa66d023805eb731066c", size = 18878063 }
wheels = [
    { url = "https://files.pythonhosted.org/packages/a0/7d/554a6838f37f3ada5a55f25173c619d556ae98092a6e01afb6e710501d70/numpy-2.1.2-cp312-cp312-macosx_10_13_x86_64.whl", hash = "sha256:d7bf0a4f9f15b32b5ba53147369e94296f5fffb783db5aacc1be15b4bf72f43b", size = 20848077 },
    { url = "https://files.pythonhosted.org/packages/b0/29/cb48a402ea879e645b16218718f3f7d9588a77d674a9dcf22e4c43487636/numpy-2.1.2-cp312-cp312-macosx_11_0_arm64.whl", hash = "sha256:b1d0fcae4f0949f215d4632be684a539859b295e2d0cb14f78ec231915d644db", size = 13493242 },
    { url = "https://files.pythonhosted.org/packages/56/44/f899b0581766c230da42f751b7b8896d096640b19b312164c267e48d36cb/numpy-2.1.2-cp312-cp312-macosx_14_0_arm64.whl", hash = "sha256:f751ed0a2f250541e19dfca9f1eafa31a392c71c832b6bb9e113b10d050cb0f1", size = 5089219 },
    { url = "https://files.pythonhosted.org/packages/79/8f/b987070d45161a7a4504afc67ed38544ed2c0ed5576263599a0402204a9c/numpy-2.1.2-cp312-cp312-macosx_14_0_x86_64.whl", hash = "sha256:bd33f82e95ba7ad632bc57837ee99dba3d7e006536200c4e9124089e1bf42426", size = 6620167 },
    { url = "https://files.pythonhosted.org/packages/c4/a7/af3329fda3c3ec31d9b650e42bbcd3422fc62a765cbb1405fde4177a0996/numpy-2.1.2-cp312-cp312-manylinux_2_17_aarch64.manylinux2014_aarch64.whl", hash = "sha256:1b8cde4f11f0a975d1fd59373b32e2f5a562ade7cde4f85b7137f3de8fbb29a0", size = 13604905 },
    { url = "https://files.pythonhosted.org/packages/9b/b4/e3c7e6fab0f77fff6194afa173d1f2342073d91b1d3b4b30b17c3fb4407a/numpy-2.1.2-cp312-cp312-manylinux_2_17_x86_64.manylinux2014_x86_64.whl", hash = "sha256:6d95f286b8244b3649b477ac066c6906fbb2905f8ac19b170e2175d3d799f4df", size = 16041825 },
    { url = "https://files.pythonhosted.org/packages/e9/50/6828e66a78aa03147c111f84d55f33ce2dde547cb578d6744a3b06a0124b/numpy-2.1.2-cp312-cp312-musllinux_1_1_x86_64.whl", hash = "sha256:ab4754d432e3ac42d33a269c8567413bdb541689b02d93788af4131018cbf366", size = 16409541 },
    { url = "https://files.pythonhosted.org/packages/bf/72/66af7916d9c3c6dbfbc8acdd4930c65461e1953374a2bc43d00f948f004a/numpy-2.1.2-cp312-cp312-musllinux_1_2_aarch64.whl", hash = "sha256:e585c8ae871fd38ac50598f4763d73ec5497b0de9a0ab4ef5b69f01c6a046142", size = 14081134 },
    { url = "https://files.pythonhosted.org/packages/dc/5a/59a67d84f33fe00ae74f0b5b69dd4f93a586a4aba7f7e19b54b2133db038/numpy-2.1.2-cp312-cp312-win32.whl", hash = "sha256:9c6c754df29ce6a89ed23afb25550d1c2d5fdb9901d9c67a16e0b16eaf7e2550", size = 6237784 },
    { url = "https://files.pythonhosted.org/packages/4c/79/73735a6a5dad6059c085f240a4e74c9270feccd2bc66e4d31b5ca01d329c/numpy-2.1.2-cp312-cp312-win_amd64.whl", hash = "sha256:456e3b11cb79ac9946c822a56346ec80275eaf2950314b249b512896c0d2505e", size = 12568254 },
    { url = "https://files.pythonhosted.org/packages/16/72/716fa1dbe92395a9a623d5049203ff8ddb0cfce65b9df9117c3696ccc011/numpy-2.1.2-cp313-cp313-macosx_10_13_x86_64.whl", hash = "sha256:a84498e0d0a1174f2b3ed769b67b656aa5460c92c9554039e11f20a05650f00d", size = 20834690 },
    { url = "https://files.pythonhosted.org/packages/1e/fb/3e85a39511586053b5c6a59a643879e376fae22230ebfef9cfabb0e032e2/numpy-2.1.2-cp313-cp313-macosx_11_0_arm64.whl", hash = "sha256:4d6ec0d4222e8ffdab1744da2560f07856421b367928026fb540e1945f2eeeaf", size = 13507474 },
    { url = "https://files.pythonhosted.org/packages/35/eb/5677556d9ba13436dab51e129f98d4829d95cd1b6bd0e199c14485a4bdb9/numpy-2.1.2-cp313-cp313-macosx_14_0_arm64.whl", hash = "sha256:259ec80d54999cc34cd1eb8ded513cb053c3bf4829152a2e00de2371bd406f5e", size = 5074742 },
    { url = "https://files.pythonhosted.org/packages/3e/c5/6c5ef5ba41b65a7e51bed50dbf3e1483eb578055633dd013e811a28e96a1/numpy-2.1.2-cp313-cp313-macosx_14_0_x86_64.whl", hash = "sha256:675c741d4739af2dc20cd6c6a5c4b7355c728167845e3c6b0e824e4e5d36a6c3", size = 6606787 },
    { url = "https://files.pythonhosted.org/packages/08/ac/f2f29dd4fd325b379c7dc932a0ebab22f0e031dbe80b2f6019b291a3a544/numpy-2.1.2-cp313-cp313-manylinux_2_17_aarch64.manylinux2014_aarch64.whl", hash = "sha256:05b2d4e667895cc55e3ff2b56077e4c8a5604361fc21a042845ea3ad67465aa8", size = 13601333 },
    { url = "https://files.pythonhosted.org/packages/44/26/63f5f4e5089654dfb858f4892215ed968cd1a68e6f4a83f9961f84f855cb/numpy-2.1.2-cp313-cp313-manylinux_2_17_x86_64.manylinux2014_x86_64.whl", hash = "sha256:43cca367bf94a14aca50b89e9bc2061683116cfe864e56740e083392f533ce7a", size = 16038090 },
    { url = "https://files.pythonhosted.org/packages/1d/21/015e0594de9c3a8d5edd24943d2bd23f102ec71aec026083f822f86497e2/numpy-2.1.2-cp313-cp313-musllinux_1_1_x86_64.whl", hash = "sha256:76322dcdb16fccf2ac56f99048af32259dcc488d9b7e25b51e5eca5147a3fb98", size = 16410865 },
    { url = "https://files.pythonhosted.org/packages/df/01/c1bcf9e6025d79077fbf3f3ee503b50aa7bfabfcd8f4b54f5829f4c00f3f/numpy-2.1.2-cp313-cp313-musllinux_1_2_aarch64.whl", hash = "sha256:32e16a03138cabe0cb28e1007ee82264296ac0983714094380b408097a418cfe", size = 14078077 },
    { url = "https://files.pythonhosted.org/packages/ba/06/db9d127d63bd11591770ba9f3d960f8041e0f895184b9351d4b1b5b56983/numpy-2.1.2-cp313-cp313-win32.whl", hash = "sha256:242b39d00e4944431a3cd2db2f5377e15b5785920421993770cddb89992c3f3a", size = 6234904 },
    { url = "https://files.pythonhosted.org/packages/a9/96/9f61f8f95b6e0ea0aa08633b704c75d1882bdcb331bdf8bfd63263b25b00/numpy-2.1.2-cp313-cp313-win_amd64.whl", hash = "sha256:f2ded8d9b6f68cc26f8425eda5d3877b47343e68ca23d0d0846f4d312ecaa445", size = 12561910 },
    { url = "https://files.pythonhosted.org/packages/36/b8/033f627821784a48e8f75c218033471eebbaacdd933f8979c79637a1b44b/numpy-2.1.2-cp313-cp313t-macosx_10_13_x86_64.whl", hash = "sha256:2ffef621c14ebb0188a8633348504a35c13680d6da93ab5cb86f4e54b7e922b5", size = 20857719 },
    { url = "https://files.pythonhosted.org/packages/96/46/af5726fde5b74ed83f2f17a73386d399319b7ed4d51279fb23b721d0816d/numpy-2.1.2-cp313-cp313t-macosx_11_0_arm64.whl", hash = "sha256:ad369ed238b1959dfbade9018a740fb9392c5ac4f9b5173f420bd4f37ba1f7a0", size = 13518826 },
    { url = "https://files.pythonhosted.org/packages/db/6e/8ce677edf36da1c4dae80afe5529f47690697eb55b4864673af260ccea7b/numpy-2.1.2-cp313-cp313t-macosx_14_0_arm64.whl", hash = "sha256:d82075752f40c0ddf57e6e02673a17f6cb0f8eb3f587f63ca1eaab5594da5b17", size = 5115036 },
    { url = "https://files.pythonhosted.org/packages/6a/ba/3cce44fb1b8438042c11847048812a776f75ee0e7070179c22e4cfbf420c/numpy-2.1.2-cp313-cp313t-macosx_14_0_x86_64.whl", hash = "sha256:1600068c262af1ca9580a527d43dc9d959b0b1d8e56f8a05d830eea39b7c8af6", size = 6628641 },
    { url = "https://files.pythonhosted.org/packages/59/c8/e722998720ccbd35ffbcf1d1b8ed0aa2304af88d3f1c38e06ebf983599b3/numpy-2.1.2-cp313-cp313t-manylinux_2_17_aarch64.manylinux2014_aarch64.whl", hash = "sha256:a26ae94658d3ba3781d5e103ac07a876b3e9b29db53f68ed7df432fd033358a8", size = 13574803 },
    { url = "https://files.pythonhosted.org/packages/7c/8e/fc1fdd83a55476765329ac2913321c4aed5b082a7915095628c4ca30ea72/numpy-2.1.2-cp313-cp313t-manylinux_2_17_x86_64.manylinux2014_x86_64.whl", hash = "sha256:13311c2db4c5f7609b462bc0f43d3c465424d25c626d95040f073e30f7570e35", size = 16021174 },
    { url = "https://files.pythonhosted.org/packages/2a/b6/a790742aa88067adb4bd6c89a946778c1417d4deaeafce3ca928f26d4c52/numpy-2.1.2-cp313-cp313t-musllinux_1_1_x86_64.whl", hash = "sha256:2abbf905a0b568706391ec6fa15161fad0fb5d8b68d73c461b3c1bab6064dd62", size = 16400117 },
    { url = "https://files.pythonhosted.org/packages/48/6f/129e3c17e3befe7fefdeaa6890f4c4df3f3cf0831aa053802c3862da67aa/numpy-2.1.2-cp313-cp313t-musllinux_1_2_aarch64.whl", hash = "sha256:ef444c57d664d35cac4e18c298c47d7b504c66b17c2ea91312e979fcfbdfb08a", size = 14066202 },
]

[[package]]
name = "pyright"
version = "1.1.384"
source = { registry = "https://pypi.org/simple" }
dependencies = [
    { name = "nodeenv" },
    { name = "typing-extensions" },
]
sdist = { url = "https://files.pythonhosted.org/packages/84/00/a23114619f9d005f4b0f35e037c76cee029174d090a6f73a355749c74f4a/pyright-1.1.384.tar.gz", hash = "sha256:25e54d61f55cbb45f1195ff89c488832d7a45d59f3e132f178fdf9ef6cafc706", size = 21956 }
wheels = [
    { url = "https://files.pythonhosted.org/packages/6d/4a/e7f4d71d194ba675f3577d11eebe4e17a592c4d1c3f9986d4b321ba3c809/pyright-1.1.384-py3-none-any.whl", hash = "sha256:f0b6f4db2da38f27aeb7035c26192f034587875f751b847e9ad42ed0c704ac9e", size = 18578 },
]

[[package]]
name = "ruff"
version = "0.6.9"
source = { registry = "https://pypi.org/simple" }
sdist = { url = "https://files.pythonhosted.org/packages/26/0d/6148a48dab5662ca1d5a93b7c0d13c03abd3cc7e2f35db08410e47cef15d/ruff-0.6.9.tar.gz", hash = "sha256:b076ef717a8e5bc819514ee1d602bbdca5b4420ae13a9cf61a0c0a4f53a2baa2", size = 3095355 }
wheels = [
    { url = "https://files.pythonhosted.org/packages/6e/8f/f7a0a0ef1818662efb32ed6df16078c95da7a0a3248d64c2410c1e27799f/ruff-0.6.9-py3-none-linux_armv6l.whl", hash = "sha256:064df58d84ccc0ac0fcd63bc3090b251d90e2a372558c0f057c3f75ed73e1ccd", size = 10440526 },
    { url = "https://files.pythonhosted.org/packages/8b/69/b179a5faf936a9e2ab45bb412a668e4661eded964ccfa19d533f29463ef6/ruff-0.6.9-py3-none-macosx_10_12_x86_64.whl", hash = "sha256:140d4b5c9f5fc7a7b074908a78ab8d384dd7f6510402267bc76c37195c02a7ec", size = 10034612 },
    { url = "https://files.pythonhosted.org/packages/c7/ef/fd1b4be979c579d191eeac37b5cfc0ec906de72c8bcd8595e2c81bb700c1/ruff-0.6.9-py3-none-macosx_11_0_arm64.whl", hash = "sha256:53fd8ca5e82bdee8da7f506d7b03a261f24cd43d090ea9db9a1dc59d9313914c", size = 9706197 },
    { url = "https://files.pythonhosted.org/packages/29/61/b376d775deb5851cb48d893c568b511a6d3625ef2c129ad5698b64fb523c/ruff-0.6.9-py3-none-manylinux_2_17_aarch64.manylinux2014_aarch64.whl", hash = "sha256:645d7d8761f915e48a00d4ecc3686969761df69fb561dd914a773c1a8266e14e", size = 10751855 },
    { url = "https://files.pythonhosted.org/packages/13/d7/def9e5f446d75b9a9c19b24231a3a658c075d79163b08582e56fa5dcfa38/ruff-0.6.9-py3-none-manylinux_2_17_armv7l.manylinux2014_armv7l.whl", hash = "sha256:eae02b700763e3847595b9d2891488989cac00214da7f845f4bcf2989007d577", size = 10200889 },
    { url = "https://files.pythonhosted.org/packages/6c/d6/7f34160818bcb6e84ce293a5966cba368d9112ff0289b273fbb689046047/ruff-0.6.9-py3-none-manylinux_2_17_i686.manylinux2014_i686.whl", hash = "sha256:7d5ccc9e58112441de8ad4b29dcb7a86dc25c5f770e3c06a9d57e0e5eba48829", size = 11038678 },
    { url = "https://files.pythonhosted.org/packages/13/34/a40ff8ae62fb1b26fb8e6fa7e64bc0e0a834b47317880de22edd6bfb54fb/ruff-0.6.9-py3-none-manylinux_2_17_ppc64.manylinux2014_ppc64.whl", hash = "sha256:417b81aa1c9b60b2f8edc463c58363075412866ae4e2b9ab0f690dc1e87ac1b5", size = 11808682 },
    { url = "https://files.pythonhosted.org/packages/2e/6d/25a4386ae4009fc798bd10ba48c942d1b0b3e459b5403028f1214b6dd161/ruff-0.6.9-py3-none-manylinux_2_17_ppc64le.manylinux2014_ppc64le.whl", hash = "sha256:3c866b631f5fbce896a74a6e4383407ba7507b815ccc52bcedabb6810fdb3ef7", size = 11330446 },
    { url = "https://files.pythonhosted.org/packages/f7/f6/bdf891a9200d692c94ebcd06ae5a2fa5894e522f2c66c2a12dd5d8cb2654/ruff-0.6.9-py3-none-manylinux_2_17_s390x.manylinux2014_s390x.whl", hash = "sha256:7b118afbb3202f5911486ad52da86d1d52305b59e7ef2031cea3425142b97d6f", size = 12483048 },
    { url = "https://files.pythonhosted.org/packages/a7/86/96f4252f41840e325b3fa6c48297e661abb9f564bd7dcc0572398c8daa42/ruff-0.6.9-py3-none-manylinux_2_17_x86_64.manylinux2014_x86_64.whl", hash = "sha256:a67267654edc23c97335586774790cde402fb6bbdb3c2314f1fc087dee320bfa", size = 10936855 },
    { url = "https://files.pythonhosted.org/packages/45/87/801a52d26c8dbf73424238e9908b9ceac430d903c8ef35eab1b44fcfa2bd/ruff-0.6.9-py3-none-musllinux_1_2_aarch64.whl", hash = "sha256:3ef0cc774b00fec123f635ce5c547dac263f6ee9fb9cc83437c5904183b55ceb", size = 10713007 },
    { url = "https://files.pythonhosted.org/packages/be/27/6f7161d90320a389695e32b6ebdbfbedde28ccbf52451e4b723d7ce744ad/ruff-0.6.9-py3-none-musllinux_1_2_armv7l.whl", hash = "sha256:12edd2af0c60fa61ff31cefb90aef4288ac4d372b4962c2864aeea3a1a2460c0", size = 10274594 },
    { url = "https://files.pythonhosted.org/packages/00/52/dc311775e7b5f5b19831563cb1572ecce63e62681bccc609867711fae317/ruff-0.6.9-py3-none-musllinux_1_2_i686.whl", hash = "sha256:55bb01caeaf3a60b2b2bba07308a02fca6ab56233302406ed5245180a05c5625", size = 10608024 },
    { url = "https://files.pythonhosted.org/packages/98/b6/be0a1ddcbac65a30c985cf7224c4fce786ba2c51e7efeb5178fe410ed3cf/ruff-0.6.9-py3-none-musllinux_1_2_x86_64.whl", hash = "sha256:925d26471fa24b0ce5a6cdfab1bb526fb4159952385f386bdcc643813d472039", size = 10982085 },
    { url = "https://files.pythonhosted.org/packages/bb/a4/c84bc13d0b573cf7bb7d17b16d6d29f84267c92d79b2f478d4ce322e8e72/ruff-0.6.9-py3-none-win32.whl", hash = "sha256:eb61ec9bdb2506cffd492e05ac40e5bc6284873aceb605503d8494180d6fc84d", size = 8522088 },
    { url = "https://files.pythonhosted.org/packages/74/be/fc352bd8ca40daae8740b54c1c3e905a7efe470d420a268cd62150248c91/ruff-0.6.9-py3-none-win_amd64.whl", hash = "sha256:785d31851c1ae91f45b3d8fe23b8ae4b5170089021fbb42402d811135f0b7117", size = 9359275 },
    { url = "https://files.pythonhosted.org/packages/3e/14/fd026bc74ded05e2351681545a5f626e78ef831f8edce064d61acd2e6ec7/ruff-0.6.9-py3-none-win_arm64.whl", hash = "sha256:a9641e31476d601f83cd602608739a0840e348bda93fec9f1ee816f8b6798b93", size = 8679879 },
]

[[package]]
name = "typing-extensions"
version = "4.12.2"
source = { registry = "https://pypi.org/simple" }
sdist = { url = "https://files.pythonhosted.org/packages/df/db/f35a00659bc03fec321ba8bce9420de607a1d37f8342eee1863174c69557/typing_extensions-4.12.2.tar.gz", hash = "sha256:1a7ead55c7e559dd4dee8856e3a88b41225abfe1ce8df57b7c13915fe121ffb8", size = 85321 }
wheels = [
    { url = "https://files.pythonhosted.org/packages/26/9f/ad63fc0248c5379346306f8668cda6e2e2e9c95e01216d2b8ffd9ff037d0/typing_extensions-4.12.2-py3-none-any.whl", hash = "sha256:04e5ca0351e0f3f85c6853954072df659d0d13fac324d0072316b67d7794700d", size = 37438 },
]
